
Microsoft Visual Studio Solution File, Format Version 12.00
# Visual Studio Version 16
VisualStudioVersion = 16.0.30523.141
MinimumVisualStudioVersion = 10.0.40219.1
Project("{9A19103F-16F7-4668-BE54-9A1E7A4F7556}") = "CherFanPage", "CherFanPage\CherFanPage.csproj", "{D454BB64-837F-4615-9E6A-EEC88DFEC942}"
EndProject
Project("{FAE04EC0-301F-11D3-BF4B-00C04F79EFBC}") = "CherTest", "CherTest\CherTest.csproj", "{D465388F-F1AF-4358-9474-A3273DC697D1}"
EndProject
Global
	GlobalSection(SolutionConfigurationPlatforms) = preSolution
		Debug|Any CPU = Debug|Any CPU
		Release|Any CPU = Release|Any CPU
	EndGlobalSection
	GlobalSection(ProjectConfigurationPlatforms) = postSolution
		{D454BB64-837F-4615-9E6A-EEC88DFEC942}.Debug|Any CPU.ActiveCfg = Debug|Any CPU
		{D454BB64-837F-4615-9E6A-EEC88DFEC942}.Debug|Any CPU.Build.0 = Debug|Any CPU
		{D454BB64-837F-4615-9E6A-EEC88DFEC942}.Release|Any CPU.ActiveCfg = Release|Any CPU
		{D454BB64-837F-4615-9E6A-EEC88DFEC942}.Release|Any CPU.Build.0 = Release|Any CPU
		{D465388F-F1AF-4358-9474-A3273DC697D1}.Debug|Any CPU.ActiveCfg = Debug|Any CPU
		{D465388F-F1AF-4358-9474-A3273DC697D1}.Debug|Any CPU.Build.0 = Debug|Any CPU
		{D465388F-F1AF-4358-9474-A3273DC697D1}.Release|Any CPU.ActiveCfg = Release|Any CPU
		{D465388F-F1AF-4358-9474-A3273DC697D1}.Release|Any CPU.Build.0 = Release|Any CPU
	EndGlobalSection
	GlobalSection(SolutionProperties) = preSolution
		HideSolutionNode = FALSE
	EndGlobalSection
	GlobalSection(ExtensibilityGlobals) = postSolution
		SolutionGuid = {E88FC034-A55A-4798-89BF-A2D304B3DB62}
	EndGlobalSection
EndGlobal
